
Microsoft Visual Studio Solution File, Format Version 12.00
# Visual Studio Version 17
VisualStudioVersion = 17.9.34723.18
MinimumVisualStudioVersion = 10.0.40219.1
Project("{2150E333-8FDC-42A3-9474-1A3956D46DE8}") = "Commons", "Commons", "{7F237D15-9A73-4860-B930-B999506A2E5A}"
EndProject
Project("{2150E333-8FDC-42A3-9474-1A3956D46DE8}") = "IdentityService", "IdentityService", "{ABE1F05A-17DE-4B2F-AA05-68FCBC8AB78C}"
EndProject
Project("{9A19103F-16F7-4668-BE54-9A1E7A4F7556}") = "IdentityService.Domain", "IdentityService.Domain\IdentityService.Domain.csproj", "{2008FF75-7C21-4B05-91D4-B3364796684E}"
EndProject
Project("{9A19103F-16F7-4668-BE54-9A1E7A4F7556}") = "IdentityService.Infrastructure", "IdentityService.Infrastructure\IdentityService.Infrastructure.csproj", "{D2BACFB6-6E6B-48A1-8BC9-2A5FD9DB4729}"
EndProject
Project("{9A19103F-16F7-4668-BE54-9A1E7A4F7556}") = "IdentityService.WebApi", "IdentityService.WebApi\IdentityService.WebApi.csproj", "{CED97EE2-025A-4849-A1C3-C723C9AEBC45}"
EndProject
Project("{9A19103F-16F7-4668-BE54-9A1E7A4F7556}") = "CommonInitializer", "CommonInitializer\CommonInitializer.csproj", "{C34618CF-D7C6-4ADA-B747-DED872A6D5E8}"
EndProject
Project("{9A19103F-16F7-4668-BE54-9A1E7A4F7556}") = "KK.EventBus", "KK.EventBus\KK.EventBus.csproj", "{7A77C130-57A6-4EC0-8348-B65540856A56}"
EndProject
Project("{9A19103F-16F7-4668-BE54-9A1E7A4F7556}") = "KK.Commons", "KK.Commons\KK.Commons.csproj", "{FCD8E552-43DE-4FB2-B496-92F2303BBDA9}"
EndProject
Project("{9A19103F-16F7-4668-BE54-9A1E7A4F7556}") = "KK.JWT", "KK.JWT\KK.JWT.csproj", "{6AE4C37E-9C01-4104-ACE0-2E5C778B01A0}"
EndProject
Project("{9A19103F-16F7-4668-BE54-9A1E7A4F7556}") = "KK.DomainCommons", "KK.DomainCommons\KK.DomainCommons.csproj", "{41AFC95E-0F00-41D8-9280-F29395A9A3E3}"
EndProject
Project("{2150E333-8FDC-42A3-9474-1A3956D46DE8}") = "FileService", "FileService", "{54DE46D1-7766-4F1F-BDBD-7B6D26F648AB}"
EndProject
Project("{9A19103F-16F7-4668-BE54-9A1E7A4F7556}") = "KK.ASPNETCORE", "KK.ASPNETCORE\KK.ASPNETCORE.csproj", "{407AC664-D421-4976-9E3B-DBEC877DAD05}"
EndProject
Project("{9A19103F-16F7-4668-BE54-9A1E7A4F7556}") = "KK.Infrastructure", "KK.Infrastructure\KK.Infrastructure.csproj", "{D9A6CA45-7374-4923-924C-78CA45AB88AB}"
EndProject
Project("{9A19103F-16F7-4668-BE54-9A1E7A4F7556}") = "FileService.Domain", "FileService.Domain\FileService.Domain.csproj", "{A809F955-1361-461E-B54C-2EFC714B3DAF}"
EndProject
Project("{9A19103F-16F7-4668-BE54-9A1E7A4F7556}") = "FileService.Infrasructure", "FileService.Infrasructure\FileService.Infrasructure.csproj", "{31A666DE-B21A-42B1-AF85-CCB6AAB004BB}"
EndProject
Project("{9A19103F-16F7-4668-BE54-9A1E7A4F7556}") = "FileService.WebApi", "FileService.WebApi\FileService.WebApi.csproj", "{55F67A11-297B-4FDA-A350-93C53F2FA256}"
EndProject
Project("{2150E333-8FDC-42A3-9474-1A3956D46DE8}") = "Listening", "Listening", "{DB0859D1-4F3E-4E2B-BB7B-593FB4992259}"
EndProject
Project("{9A19103F-16F7-4668-BE54-9A1E7A4F7556}") = "Listening.Domain", "Listening.Domain\Listening.Domain.csproj", "{46961242-6272-45D5-B352-B15E2A21E2EC}"
EndProject
Project("{9A19103F-16F7-4668-BE54-9A1E7A4F7556}") = "Listening.Infrastructure", "Listening.Infrastructure\Listening.Infrastructure.csproj", "{49B74957-A7DB-487E-B2DE-4744866013DC}"
EndProject
Project("{9A19103F-16F7-4668-BE54-9A1E7A4F7556}") = "Listening.Admin.WebApi", "Listening.Admin.WebApi\Listening.Admin.WebApi.csproj", "{4C238225-D837-4D48-9081-CCEC998DA3C5}"
EndProject
Project("{9A19103F-16F7-4668-BE54-9A1E7A4F7556}") = "Listening.Main.WebApi", "Listening.Main.WebApi\Listening.Main.WebApi.csproj", "{17417A65-DA6C-4B47-A767-02DC685B4346}"
EndProject
Project("{2150E333-8FDC-42A3-9474-1A3956D46DE8}") = "MediaEncoder", "MediaEncoder", "{E32FB0E5-BD27-476B-A380-763E2A342850}"
EndProject
Project("{9A19103F-16F7-4668-BE54-9A1E7A4F7556}") = "MediaEncoder.Domain", "MediaEncoder.Domain\MediaEncoder.Domain.csproj", "{9EA9040C-304C-42A1-818A-58E78FAD35F8}"
EndProject
Project("{9A19103F-16F7-4668-BE54-9A1E7A4F7556}") = "MediaEncoder.Infrustructure", "MediaEncoder.Infrustructure\MediaEncoder.Infrustructure.csproj", "{E38923B9-DCC8-4198-B6FA-E4FB0B84CB84}"
EndProject
Project("{9A19103F-16F7-4668-BE54-9A1E7A4F7556}") = "MediaEncoer.WebApi", "MediaEncoer.WebApi\MediaEncoer.WebApi.csproj", "{615C7E31-DE52-4425-97B4-6B0BBCDDEB8D}"
EndProject
Project("{FAE04EC0-301F-11D3-BF4B-00C04F79EFBC}") = "FileService.SDK.NETCore", "FileService.SDK.NETCore\FileService.SDK.NETCore.csproj", "{94F9E5C9-DF2C-43D2-966C-E548B033FF3D}"
EndProject
Global
	GlobalSection(SolutionConfigurationPlatforms) = preSolution
		Debug|Any CPU = Debug|Any CPU
		Release|Any CPU = Release|Any CPU
	EndGlobalSection
	GlobalSection(ProjectConfigurationPlatforms) = postSolution
		{2008FF75-7C21-4B05-91D4-B3364796684E}.Debug|Any CPU.ActiveCfg = Debug|Any CPU
		{2008FF75-7C21-4B05-91D4-B3364796684E}.Debug|Any CPU.Build.0 = Debug|Any CPU
		{2008FF75-7C21-4B05-91D4-B3364796684E}.Release|Any CPU.ActiveCfg = Release|Any CPU
		{2008FF75-7C21-4B05-91D4-B3364796684E}.Release|Any CPU.Build.0 = Release|Any CPU
		{D2BACFB6-6E6B-48A1-8BC9-2A5FD9DB4729}.Debug|Any CPU.ActiveCfg = Debug|Any CPU
		{D2BACFB6-6E6B-48A1-8BC9-2A5FD9DB4729}.Debug|Any CPU.Build.0 = Debug|Any CPU
		{D2BACFB6-6E6B-48A1-8BC9-2A5FD9DB4729}.Release|Any CPU.ActiveCfg = Release|Any CPU
		{D2BACFB6-6E6B-48A1-8BC9-2A5FD9DB4729}.Release|Any CPU.Build.0 = Release|Any CPU
		{CED97EE2-025A-4849-A1C3-C723C9AEBC45}.Debug|Any CPU.ActiveCfg = Debug|Any CPU
		{CED97EE2-025A-4849-A1C3-C723C9AEBC45}.Debug|Any CPU.Build.0 = Debug|Any CPU
		{CED97EE2-025A-4849-A1C3-C723C9AEBC45}.Release|Any CPU.ActiveCfg = Release|Any CPU
		{CED97EE2-025A-4849-A1C3-C723C9AEBC45}.Release|Any CPU.Build.0 = Release|Any CPU
		{C34618CF-D7C6-4ADA-B747-DED872A6D5E8}.Debug|Any CPU.ActiveCfg = Debug|Any CPU
		{C34618CF-D7C6-4ADA-B747-DED872A6D5E8}.Debug|Any CPU.Build.0 = Debug|Any CPU
		{C34618CF-D7C6-4ADA-B747-DED872A6D5E8}.Release|Any CPU.ActiveCfg = Release|Any CPU
		{C34618CF-D7C6-4ADA-B747-DED872A6D5E8}.Release|Any CPU.Build.0 = Release|Any CPU
		{7A77C130-57A6-4EC0-8348-B65540856A56}.Debug|Any CPU.ActiveCfg = Debug|Any CPU
		{7A77C130-57A6-4EC0-8348-B65540856A56}.Debug|Any CPU.Build.0 = Debug|Any CPU
		{7A77C130-57A6-4EC0-8348-B65540856A56}.Release|Any CPU.ActiveCfg = Release|Any CPU
		{7A77C130-57A6-4EC0-8348-B65540856A56}.Release|Any CPU.Build.0 = Release|Any CPU
		{FCD8E552-43DE-4FB2-B496-92F2303BBDA9}.Debug|Any CPU.ActiveCfg = Debug|Any CPU
		{FCD8E552-43DE-4FB2-B496-92F2303BBDA9}.Debug|Any CPU.Build.0 = Debug|Any CPU
		{FCD8E552-43DE-4FB2-B496-92F2303BBDA9}.Release|Any CPU.ActiveCfg = Release|Any CPU
		{FCD8E552-43DE-4FB2-B496-92F2303BBDA9}.Release|Any CPU.Build.0 = Release|Any CPU
		{6AE4C37E-9C01-4104-ACE0-2E5C778B01A0}.Debug|Any CPU.ActiveCfg = Debug|Any CPU
		{6AE4C37E-9C01-4104-ACE0-2E5C778B01A0}.Debug|Any CPU.Build.0 = Debug|Any CPU
		{6AE4C37E-9C01-4104-ACE0-2E5C778B01A0}.Release|Any CPU.ActiveCfg = Release|Any CPU
		{6AE4C37E-9C01-4104-ACE0-2E5C778B01A0}.Release|Any CPU.Build.0 = Release|Any CPU
		{41AFC95E-0F00-41D8-9280-F29395A9A3E3}.Debug|Any CPU.ActiveCfg = Debug|Any CPU
		{41AFC95E-0F00-41D8-9280-F29395A9A3E3}.Debug|Any CPU.Build.0 = Debug|Any CPU
		{41AFC95E-0F00-41D8-9280-F29395A9A3E3}.Release|Any CPU.ActiveCfg = Release|Any CPU
		{41AFC95E-0F00-41D8-9280-F29395A9A3E3}.Release|Any CPU.Build.0 = Release|Any CPU
		{407AC664-D421-4976-9E3B-DBEC877DAD05}.Debug|Any CPU.ActiveCfg = Debug|Any CPU
		{407AC664-D421-4976-9E3B-DBEC877DAD05}.Debug|Any CPU.Build.0 = Debug|Any CPU
		{407AC664-D421-4976-9E3B-DBEC877DAD05}.Release|Any CPU.ActiveCfg = Release|Any CPU
		{407AC664-D421-4976-9E3B-DBEC877DAD05}.Release|Any CPU.Build.0 = Release|Any CPU
		{D9A6CA45-7374-4923-924C-78CA45AB88AB}.Debug|Any CPU.ActiveCfg = Debug|Any CPU
		{D9A6CA45-7374-4923-924C-78CA45AB88AB}.Debug|Any CPU.Build.0 = Debug|Any CPU
		{D9A6CA45-7374-4923-924C-78CA45AB88AB}.Release|Any CPU.ActiveCfg = Release|Any CPU
		{D9A6CA45-7374-4923-924C-78CA45AB88AB}.Release|Any CPU.Build.0 = Release|Any CPU
		{A809F955-1361-461E-B54C-2EFC714B3DAF}.Debug|Any CPU.ActiveCfg = Debug|Any CPU
		{A809F955-1361-461E-B54C-2EFC714B3DAF}.Debug|Any CPU.Build.0 = Debug|Any CPU
		{A809F955-1361-461E-B54C-2EFC714B3DAF}.Release|Any CPU.ActiveCfg = Release|Any CPU
		{A809F955-1361-461E-B54C-2EFC714B3DAF}.Release|Any CPU.Build.0 = Release|Any CPU
		{31A666DE-B21A-42B1-AF85-CCB6AAB004BB}.Debug|Any CPU.ActiveCfg = Debug|Any CPU
		{31A666DE-B21A-42B1-AF85-CCB6AAB004BB}.Debug|Any CPU.Build.0 = Debug|Any CPU
		{31A666DE-B21A-42B1-AF85-CCB6AAB004BB}.Release|Any CPU.ActiveCfg = Release|Any CPU
		{31A666DE-B21A-42B1-AF85-CCB6AAB004BB}.Release|Any CPU.Build.0 = Release|Any CPU
		{55F67A11-297B-4FDA-A350-93C53F2FA256}.Debug|Any CPU.ActiveCfg = Debug|Any CPU
		{55F67A11-297B-4FDA-A350-93C53F2FA256}.Debug|Any CPU.Build.0 = Debug|Any CPU
		{55F67A11-297B-4FDA-A350-93C53F2FA256}.Release|Any CPU.ActiveCfg = Release|Any CPU
		{55F67A11-297B-4FDA-A350-93C53F2FA256}.Release|Any CPU.Build.0 = Release|Any CPU
		{46961242-6272-45D5-B352-B15E2A21E2EC}.Debug|Any CPU.ActiveCfg = Debug|Any CPU
		{46961242-6272-45D5-B352-B15E2A21E2EC}.Debug|Any CPU.Build.0 = Debug|Any CPU
		{46961242-6272-45D5-B352-B15E2A21E2EC}.Release|Any CPU.ActiveCfg = Release|Any CPU
		{46961242-6272-45D5-B352-B15E2A21E2EC}.Release|Any CPU.Build.0 = Release|Any CPU
		{49B74957-A7DB-487E-B2DE-4744866013DC}.Debug|Any CPU.ActiveCfg = Debug|Any CPU
		{49B74957-A7DB-487E-B2DE-4744866013DC}.Debug|Any CPU.Build.0 = Debug|Any CPU
		{49B74957-A7DB-487E-B2DE-4744866013DC}.Release|Any CPU.ActiveCfg = Release|Any CPU
		{49B74957-A7DB-487E-B2DE-4744866013DC}.Release|Any CPU.Build.0 = Release|Any CPU
		{4C238225-D837-4D48-9081-CCEC998DA3C5}.Debug|Any CPU.ActiveCfg = Debug|Any CPU
		{4C238225-D837-4D48-9081-CCEC998DA3C5}.Debug|Any CPU.Build.0 = Debug|Any CPU
		{4C238225-D837-4D48-9081-CCEC998DA3C5}.Release|Any CPU.ActiveCfg = Release|Any CPU
		{4C238225-D837-4D48-9081-CCEC998DA3C5}.Release|Any CPU.Build.0 = Release|Any CPU
		{17417A65-DA6C-4B47-A767-02DC685B4346}.Debug|Any CPU.ActiveCfg = Debug|Any CPU
		{17417A65-DA6C-4B47-A767-02DC685B4346}.Debug|Any CPU.Build.0 = Debug|Any CPU
		{17417A65-DA6C-4B47-A767-02DC685B4346}.Release|Any CPU.ActiveCfg = Release|Any CPU
		{17417A65-DA6C-4B47-A767-02DC685B4346}.Release|Any CPU.Build.0 = Release|Any CPU
		{9EA9040C-304C-42A1-818A-58E78FAD35F8}.Debug|Any CPU.ActiveCfg = Debug|Any CPU
		{9EA9040C-304C-42A1-818A-58E78FAD35F8}.Debug|Any CPU.Build.0 = Debug|Any CPU
		{9EA9040C-304C-42A1-818A-58E78FAD35F8}.Release|Any CPU.ActiveCfg = Release|Any CPU
		{9EA9040C-304C-42A1-818A-58E78FAD35F8}.Release|Any CPU.Build.0 = Release|Any CPU
		{E38923B9-DCC8-4198-B6FA-E4FB0B84CB84}.Debug|Any CPU.ActiveCfg = Debug|Any CPU
		{E38923B9-DCC8-4198-B6FA-E4FB0B84CB84}.Debug|Any CPU.Build.0 = Debug|Any CPU
		{E38923B9-DCC8-4198-B6FA-E4FB0B84CB84}.Release|Any CPU.ActiveCfg = Release|Any CPU
		{E38923B9-DCC8-4198-B6FA-E4FB0B84CB84}.Release|Any CPU.Build.0 = Release|Any CPU
		{615C7E31-DE52-4425-97B4-6B0BBCDDEB8D}.Debug|Any CPU.ActiveCfg = Debug|Any CPU
		{615C7E31-DE52-4425-97B4-6B0BBCDDEB8D}.Debug|Any CPU.Build.0 = Debug|Any CPU
		{615C7E31-DE52-4425-97B4-6B0BBCDDEB8D}.Release|Any CPU.ActiveCfg = Release|Any CPU
		{615C7E31-DE52-4425-97B4-6B0BBCDDEB8D}.Release|Any CPU.Build.0 = Release|Any CPU
		{94F9E5C9-DF2C-43D2-966C-E548B033FF3D}.Debug|Any CPU.ActiveCfg = Debug|Any CPU
		{94F9E5C9-DF2C-43D2-966C-E548B033FF3D}.Debug|Any CPU.Build.0 = Debug|Any CPU
		{94F9E5C9-DF2C-43D2-966C-E548B033FF3D}.Release|Any CPU.ActiveCfg = Release|Any CPU
		{94F9E5C9-DF2C-43D2-966C-E548B033FF3D}.Release|Any CPU.Build.0 = Release|Any CPU
	EndGlobalSection
	GlobalSection(SolutionProperties) = preSolution
		HideSolutionNode = FALSE
	EndGlobalSection
	GlobalSection(NestedProjects) = preSolution
		{2008FF75-7C21-4B05-91D4-B3364796684E} = {ABE1F05A-17DE-4B2F-AA05-68FCBC8AB78C}
		{D2BACFB6-6E6B-48A1-8BC9-2A5FD9DB4729} = {ABE1F05A-17DE-4B2F-AA05-68FCBC8AB78C}
		{CED97EE2-025A-4849-A1C3-C723C9AEBC45} = {ABE1F05A-17DE-4B2F-AA05-68FCBC8AB78C}
		{C34618CF-D7C6-4ADA-B747-DED872A6D5E8} = {7F237D15-9A73-4860-B930-B999506A2E5A}
		{7A77C130-57A6-4EC0-8348-B65540856A56} = {7F237D15-9A73-4860-B930-B999506A2E5A}
		{FCD8E552-43DE-4FB2-B496-92F2303BBDA9} = {7F237D15-9A73-4860-B930-B999506A2E5A}
		{6AE4C37E-9C01-4104-ACE0-2E5C778B01A0} = {7F237D15-9A73-4860-B930-B999506A2E5A}
		{41AFC95E-0F00-41D8-9280-F29395A9A3E3} = {7F237D15-9A73-4860-B930-B999506A2E5A}
		{407AC664-D421-4976-9E3B-DBEC877DAD05} = {7F237D15-9A73-4860-B930-B999506A2E5A}
		{D9A6CA45-7374-4923-924C-78CA45AB88AB} = {7F237D15-9A73-4860-B930-B999506A2E5A}
		{A809F955-1361-461E-B54C-2EFC714B3DAF} = {54DE46D1-7766-4F1F-BDBD-7B6D26F648AB}
		{31A666DE-B21A-42B1-AF85-CCB6AAB004BB} = {54DE46D1-7766-4F1F-BDBD-7B6D26F648AB}
		{55F67A11-297B-4FDA-A350-93C53F2FA256} = {54DE46D1-7766-4F1F-BDBD-7B6D26F648AB}
		{46961242-6272-45D5-B352-B15E2A21E2EC} = {DB0859D1-4F3E-4E2B-BB7B-593FB4992259}
		{49B74957-A7DB-487E-B2DE-4744866013DC} = {DB0859D1-4F3E-4E2B-BB7B-593FB4992259}
		{4C238225-D837-4D48-9081-CCEC998DA3C5} = {DB0859D1-4F3E-4E2B-BB7B-593FB4992259}
		{17417A65-DA6C-4B47-A767-02DC685B4346} = {DB0859D1-4F3E-4E2B-BB7B-593FB4992259}
		{9EA9040C-304C-42A1-818A-58E78FAD35F8} = {E32FB0E5-BD27-476B-A380-763E2A342850}
		{E38923B9-DCC8-4198-B6FA-E4FB0B84CB84} = {E32FB0E5-BD27-476B-A380-763E2A342850}
		{615C7E31-DE52-4425-97B4-6B0BBCDDEB8D} = {E32FB0E5-BD27-476B-A380-763E2A342850}
		{94F9E5C9-DF2C-43D2-966C-E548B033FF3D} = {54DE46D1-7766-4F1F-BDBD-7B6D26F648AB}
	EndGlobalSection
	GlobalSection(ExtensibilityGlobals) = postSolution
		SolutionGuid = {D80540BF-31CA-4C2A-84F4-953964DED1E2}
	EndGlobalSection
EndGlobal
